
Microsoft Visual Studio Solution File, Format Version 11.00
# Visual Studio 2010
Project("{FAE04EC0-301F-11D3-BF4B-00C04F79EFBC}") = "3DAPI", "3DAPI\3DAPI.csproj", "{376FE5AC-8459-4203-A2AC-F5BBE2C23946}"
EndProject
Project("{FAE04EC0-301F-11D3-BF4B-00C04F79EFBC}") = "3DLib_OpenGL", "3DLib_OpenGL\3DLib_OpenGL.csproj", "{02B8941F-AC33-4667-BE8D-422031C95128}"
EndProject
Project("{FAE04EC0-301F-11D3-BF4B-00C04F79EFBC}") = "GlTestApp", "GlTestApp\GlTestApp.csproj", "{38D3DA1D-77E0-4F57-8170-8222A2E1CE7A}"
EndProject
Project("{FAE04EC0-301F-11D3-BF4B-00C04F79EFBC}") = "DirectXLib", "DirectXLib\DirectXLib.csproj", "{A48CAB5D-86CA-4B74-B05D-D77C67CC83DF}"
EndProject
Project("{FAE04EC0-301F-11D3-BF4B-00C04F79EFBC}") = "WPPhoneCore", "WPPhoneCore\WPPhoneCore.csproj", "{3FC9394D-85A2-42A0-A125-3D3D9F837BE5}"
EndProject
Project("{FAE04EC0-301F-11D3-BF4B-00C04F79EFBC}") = "WPhoneLib", "WPhoneLib\WPhoneLib.csproj", "{BC0E5AC9-3C89-4ED4-BBB6-B1ACE6E3A798}"
EndProject
Project("{FAE04EC0-301F-11D3-BF4B-00C04F79EFBC}") = "WPSampleGame", "WPSampleGame\WPSampleGame\WPSampleGame.csproj", "{B696AA7E-73F8-4505-A166-8E7C121A1C4D}"
EndProject
Project("{FAE04EC0-301F-11D3-BF4B-00C04F79EFBC}") = "WPSampleGameContent", "WPSampleGame\WPSampleGameContent\WPSampleGameContent.contentproj", "{D1FCAE0A-75DC-4A09-8DF0-D3F7E13EB3BC}"
EndProject
Project("{F184B08F-C81C-45F6-A57F-5ABD9991F28F}") = "VBSample", "VBSample\VBSample.vbproj", "{E1CDB107-EA8E-4044-8197-D895425F8329}"
EndProject
Project("{FAE04EC0-301F-11D3-BF4B-00C04F79EFBC}") = "SimpleTriangle", "SimpleTriangle\SimpleTriangle.csproj", "{C328633E-7FCC-4649-B314-E5A3E523BA66}"
EndProject
Global
	GlobalSection(SolutionConfigurationPlatforms) = preSolution
		Debug|Any CPU = Debug|Any CPU
		Debug|Mixed Platforms = Debug|Mixed Platforms
		Debug|Windows Phone = Debug|Windows Phone
		Debug|x86 = Debug|x86
		Release|Any CPU = Release|Any CPU
		Release|Mixed Platforms = Release|Mixed Platforms
		Release|Windows Phone = Release|Windows Phone
		Release|x86 = Release|x86
	EndGlobalSection
	GlobalSection(ProjectConfigurationPlatforms) = postSolution
		{376FE5AC-8459-4203-A2AC-F5BBE2C23946}.Debug|Any CPU.ActiveCfg = Debug|Any CPU
		{376FE5AC-8459-4203-A2AC-F5BBE2C23946}.Debug|Any CPU.Build.0 = Debug|Any CPU
		{376FE5AC-8459-4203-A2AC-F5BBE2C23946}.Debug|Mixed Platforms.ActiveCfg = Debug|x86
		{376FE5AC-8459-4203-A2AC-F5BBE2C23946}.Debug|Mixed Platforms.Build.0 = Debug|x86
		{376FE5AC-8459-4203-A2AC-F5BBE2C23946}.Debug|Windows Phone.ActiveCfg = Debug|x86
		{376FE5AC-8459-4203-A2AC-F5BBE2C23946}.Debug|Windows Phone.Build.0 = Debug|x86
		{376FE5AC-8459-4203-A2AC-F5BBE2C23946}.Debug|x86.ActiveCfg = Debug|x86
		{376FE5AC-8459-4203-A2AC-F5BBE2C23946}.Debug|x86.Build.0 = Debug|x86
		{376FE5AC-8459-4203-A2AC-F5BBE2C23946}.Release|Any CPU.ActiveCfg = Release|Any CPU
		{376FE5AC-8459-4203-A2AC-F5BBE2C23946}.Release|Any CPU.Build.0 = Release|Any CPU
		{376FE5AC-8459-4203-A2AC-F5BBE2C23946}.Release|Mixed Platforms.ActiveCfg = Release|x86
		{376FE5AC-8459-4203-A2AC-F5BBE2C23946}.Release|Mixed Platforms.Build.0 = Release|x86
		{376FE5AC-8459-4203-A2AC-F5BBE2C23946}.Release|Windows Phone.ActiveCfg = Release|x86
		{376FE5AC-8459-4203-A2AC-F5BBE2C23946}.Release|x86.ActiveCfg = Release|x86
		{376FE5AC-8459-4203-A2AC-F5BBE2C23946}.Release|x86.Build.0 = Release|x86
		{02B8941F-AC33-4667-BE8D-422031C95128}.Debug|Any CPU.ActiveCfg = Debug|Any CPU
		{02B8941F-AC33-4667-BE8D-422031C95128}.Debug|Any CPU.Build.0 = Debug|Any CPU
		{02B8941F-AC33-4667-BE8D-422031C95128}.Debug|Mixed Platforms.ActiveCfg = Debug|x86
		{02B8941F-AC33-4667-BE8D-422031C95128}.Debug|Mixed Platforms.Build.0 = Debug|x86
		{02B8941F-AC33-4667-BE8D-422031C95128}.Debug|Windows Phone.ActiveCfg = Debug|x86
		{02B8941F-AC33-4667-BE8D-422031C95128}.Debug|Windows Phone.Build.0 = Debug|x86
		{02B8941F-AC33-4667-BE8D-422031C95128}.Debug|x86.ActiveCfg = Debug|x86
		{02B8941F-AC33-4667-BE8D-422031C95128}.Debug|x86.Build.0 = Debug|x86
		{02B8941F-AC33-4667-BE8D-422031C95128}.Release|Any CPU.ActiveCfg = Release|Any CPU
		{02B8941F-AC33-4667-BE8D-422031C95128}.Release|Any CPU.Build.0 = Release|Any CPU
		{02B8941F-AC33-4667-BE8D-422031C95128}.Release|Mixed Platforms.ActiveCfg = Release|x86
		{02B8941F-AC33-4667-BE8D-422031C95128}.Release|Mixed Platforms.Build.0 = Release|x86
		{02B8941F-AC33-4667-BE8D-422031C95128}.Release|Windows Phone.ActiveCfg = Release|x86
		{02B8941F-AC33-4667-BE8D-422031C95128}.Release|x86.ActiveCfg = Release|x86
		{02B8941F-AC33-4667-BE8D-422031C95128}.Release|x86.Build.0 = Release|x86
		{38D3DA1D-77E0-4F57-8170-8222A2E1CE7A}.Debug|Any CPU.ActiveCfg = Debug|Any CPU
		{38D3DA1D-77E0-4F57-8170-8222A2E1CE7A}.Debug|Any CPU.Build.0 = Debug|Any CPU
		{38D3DA1D-77E0-4F57-8170-8222A2E1CE7A}.Debug|Mixed Platforms.ActiveCfg = Debug|x86
		{38D3DA1D-77E0-4F57-8170-8222A2E1CE7A}.Debug|Mixed Platforms.Build.0 = Debug|x86
		{38D3DA1D-77E0-4F57-8170-8222A2E1CE7A}.Debug|Windows Phone.ActiveCfg = Debug|x86
		{38D3DA1D-77E0-4F57-8170-8222A2E1CE7A}.Debug|Windows Phone.Build.0 = Debug|x86
		{38D3DA1D-77E0-4F57-8170-8222A2E1CE7A}.Debug|x86.ActiveCfg = Debug|x86
		{38D3DA1D-77E0-4F57-8170-8222A2E1CE7A}.Debug|x86.Build.0 = Debug|x86
		{38D3DA1D-77E0-4F57-8170-8222A2E1CE7A}.Release|Any CPU.ActiveCfg = Release|Any CPU
		{38D3DA1D-77E0-4F57-8170-8222A2E1CE7A}.Release|Any CPU.Build.0 = Release|Any CPU
		{38D3DA1D-77E0-4F57-8170-8222A2E1CE7A}.Release|Mixed Platforms.ActiveCfg = Release|x86
		{38D3DA1D-77E0-4F57-8170-8222A2E1CE7A}.Release|Mixed Platforms.Build.0 = Release|x86
		{38D3DA1D-77E0-4F57-8170-8222A2E1CE7A}.Release|Windows Phone.ActiveCfg = Release|x86
		{38D3DA1D-77E0-4F57-8170-8222A2E1CE7A}.Release|x86.ActiveCfg = Release|x86
		{38D3DA1D-77E0-4F57-8170-8222A2E1CE7A}.Release|x86.Build.0 = Release|x86
		{A48CAB5D-86CA-4B74-B05D-D77C67CC83DF}.Debug|Any CPU.ActiveCfg = Debug|Any CPU
		{A48CAB5D-86CA-4B74-B05D-D77C67CC83DF}.Debug|Any CPU.Build.0 = Debug|Any CPU
		{A48CAB5D-86CA-4B74-B05D-D77C67CC83DF}.Debug|Mixed Platforms.ActiveCfg = Debug|x86
		{A48CAB5D-86CA-4B74-B05D-D77C67CC83DF}.Debug|Mixed Platforms.Build.0 = Debug|x86
		{A48CAB5D-86CA-4B74-B05D-D77C67CC83DF}.Debug|Windows Phone.ActiveCfg = Debug|x86
		{A48CAB5D-86CA-4B74-B05D-D77C67CC83DF}.Debug|Windows Phone.Build.0 = Debug|x86
		{A48CAB5D-86CA-4B74-B05D-D77C67CC83DF}.Debug|x86.ActiveCfg = Debug|x86
		{A48CAB5D-86CA-4B74-B05D-D77C67CC83DF}.Debug|x86.Build.0 = Debug|x86
		{A48CAB5D-86CA-4B74-B05D-D77C67CC83DF}.Release|Any CPU.ActiveCfg = Release|Any CPU
		{A48CAB5D-86CA-4B74-B05D-D77C67CC83DF}.Release|Any CPU.Build.0 = Release|Any CPU
		{A48CAB5D-86CA-4B74-B05D-D77C67CC83DF}.Release|Mixed Platforms.ActiveCfg = Release|x86
		{A48CAB5D-86CA-4B74-B05D-D77C67CC83DF}.Release|Mixed Platforms.Build.0 = Release|x86
		{A48CAB5D-86CA-4B74-B05D-D77C67CC83DF}.Release|Windows Phone.ActiveCfg = Release|x86
		{A48CAB5D-86CA-4B74-B05D-D77C67CC83DF}.Release|x86.ActiveCfg = Release|x86
		{A48CAB5D-86CA-4B74-B05D-D77C67CC83DF}.Release|x86.Build.0 = Release|x86
		{3FC9394D-85A2-42A0-A125-3D3D9F837BE5}.Debug|Any CPU.ActiveCfg = Debug|Windows Phone
		{3FC9394D-85A2-42A0-A125-3D3D9F837BE5}.Debug|Any CPU.Build.0 = Debug|Windows Phone
		{3FC9394D-85A2-42A0-A125-3D3D9F837BE5}.Debug|Mixed Platforms.ActiveCfg = Debug|Windows Phone
		{3FC9394D-85A2-42A0-A125-3D3D9F837BE5}.Debug|Mixed Platforms.Build.0 = Debug|Windows Phone
		{3FC9394D-85A2-42A0-A125-3D3D9F837BE5}.Debug|Windows Phone.ActiveCfg = Debug|Windows Phone
		{3FC9394D-85A2-42A0-A125-3D3D9F837BE5}.Debug|Windows Phone.Build.0 = Debug|Windows Phone
		{3FC9394D-85A2-42A0-A125-3D3D9F837BE5}.Debug|x86.ActiveCfg = Debug|Windows Phone
		{3FC9394D-85A2-42A0-A125-3D3D9F837BE5}.Debug|x86.Build.0 = Debug|Windows Phone
		{3FC9394D-85A2-42A0-A125-3D3D9F837BE5}.Release|Any CPU.ActiveCfg = Release|Windows Phone
		{3FC9394D-85A2-42A0-A125-3D3D9F837BE5}.Release|Mixed Platforms.ActiveCfg = Release|Windows Phone
		{3FC9394D-85A2-42A0-A125-3D3D9F837BE5}.Release|Mixed Platforms.Build.0 = Release|Windows Phone
		{3FC9394D-85A2-42A0-A125-3D3D9F837BE5}.Release|Windows Phone.ActiveCfg = Release|Windows Phone
		{3FC9394D-85A2-42A0-A125-3D3D9F837BE5}.Release|Windows Phone.Build.0 = Release|Windows Phone
		{3FC9394D-85A2-42A0-A125-3D3D9F837BE5}.Release|x86.ActiveCfg = Release|Windows Phone
		{3FC9394D-85A2-42A0-A125-3D3D9F837BE5}.Release|x86.Build.0 = Release|Windows Phone
		{BC0E5AC9-3C89-4ED4-BBB6-B1ACE6E3A798}.Debug|Any CPU.ActiveCfg = Debug|Windows Phone
		{BC0E5AC9-3C89-4ED4-BBB6-B1ACE6E3A798}.Debug|Any CPU.Build.0 = Debug|Windows Phone
		{BC0E5AC9-3C89-4ED4-BBB6-B1ACE6E3A798}.Debug|Mixed Platforms.ActiveCfg = Debug|Windows Phone
		{BC0E5AC9-3C89-4ED4-BBB6-B1ACE6E3A798}.Debug|Mixed Platforms.Build.0 = Debug|Windows Phone
		{BC0E5AC9-3C89-4ED4-BBB6-B1ACE6E3A798}.Debug|Windows Phone.ActiveCfg = Debug|Windows Phone
		{BC0E5AC9-3C89-4ED4-BBB6-B1ACE6E3A798}.Debug|Windows Phone.Build.0 = Debug|Windows Phone
		{BC0E5AC9-3C89-4ED4-BBB6-B1ACE6E3A798}.Debug|x86.ActiveCfg = Debug|Windows Phone
		{BC0E5AC9-3C89-4ED4-BBB6-B1ACE6E3A798}.Debug|x86.Build.0 = Debug|Windows Phone
		{BC0E5AC9-3C89-4ED4-BBB6-B1ACE6E3A798}.Release|Any CPU.ActiveCfg = Release|Windows Phone
		{BC0E5AC9-3C89-4ED4-BBB6-B1ACE6E3A798}.Release|Mixed Platforms.ActiveCfg = Release|Windows Phone
		{BC0E5AC9-3C89-4ED4-BBB6-B1ACE6E3A798}.Release|Mixed Platforms.Build.0 = Release|Windows Phone
		{BC0E5AC9-3C89-4ED4-BBB6-B1ACE6E3A798}.Release|Windows Phone.ActiveCfg = Release|Windows Phone
		{BC0E5AC9-3C89-4ED4-BBB6-B1ACE6E3A798}.Release|Windows Phone.Build.0 = Release|Windows Phone
		{BC0E5AC9-3C89-4ED4-BBB6-B1ACE6E3A798}.Release|x86.ActiveCfg = Release|Windows Phone
		{B696AA7E-73F8-4505-A166-8E7C121A1C4D}.Debug|Any CPU.ActiveCfg = Debug|Windows Phone
		{B696AA7E-73F8-4505-A166-8E7C121A1C4D}.Debug|Any CPU.Build.0 = Debug|Windows Phone
		{B696AA7E-73F8-4505-A166-8E7C121A1C4D}.Debug|Mixed Platforms.ActiveCfg = Debug|Windows Phone
		{B696AA7E-73F8-4505-A166-8E7C121A1C4D}.Debug|Mixed Platforms.Build.0 = Debug|Windows Phone
		{B696AA7E-73F8-4505-A166-8E7C121A1C4D}.Debug|Mixed Platforms.Deploy.0 = Debug|Windows Phone
		{B696AA7E-73F8-4505-A166-8E7C121A1C4D}.Debug|Windows Phone.ActiveCfg = Debug|Windows Phone
		{B696AA7E-73F8-4505-A166-8E7C121A1C4D}.Debug|Windows Phone.Build.0 = Debug|Windows Phone
		{B696AA7E-73F8-4505-A166-8E7C121A1C4D}.Debug|x86.ActiveCfg = Debug|Windows Phone
		{B696AA7E-73F8-4505-A166-8E7C121A1C4D}.Release|Any CPU.ActiveCfg = Release|Windows Phone
		{B696AA7E-73F8-4505-A166-8E7C121A1C4D}.Release|Mixed Platforms.ActiveCfg = Release|Windows Phone
		{B696AA7E-73F8-4505-A166-8E7C121A1C4D}.Release|Mixed Platforms.Build.0 = Release|Windows Phone
		{B696AA7E-73F8-4505-A166-8E7C121A1C4D}.Release|Mixed Platforms.Deploy.0 = Release|Windows Phone
		{B696AA7E-73F8-4505-A166-8E7C121A1C4D}.Release|Windows Phone.ActiveCfg = Release|Windows Phone
		{B696AA7E-73F8-4505-A166-8E7C121A1C4D}.Release|Windows Phone.Build.0 = Release|Windows Phone
		{B696AA7E-73F8-4505-A166-8E7C121A1C4D}.Release|Windows Phone.Deploy.0 = Release|Windows Phone
		{B696AA7E-73F8-4505-A166-8E7C121A1C4D}.Release|x86.ActiveCfg = Release|Windows Phone
		{D1FCAE0A-75DC-4A09-8DF0-D3F7E13EB3BC}.Debug|Any CPU.ActiveCfg = Debug|Windows Phone
		{D1FCAE0A-75DC-4A09-8DF0-D3F7E13EB3BC}.Debug|Mixed Platforms.ActiveCfg = Debug|Windows Phone
		{D1FCAE0A-75DC-4A09-8DF0-D3F7E13EB3BC}.Debug|Windows Phone.ActiveCfg = Debug|Windows Phone
		{D1FCAE0A-75DC-4A09-8DF0-D3F7E13EB3BC}.Debug|x86.ActiveCfg = Debug|Windows Phone
		{D1FCAE0A-75DC-4A09-8DF0-D3F7E13EB3BC}.Release|Any CPU.ActiveCfg = Release|Windows Phone
		{D1FCAE0A-75DC-4A09-8DF0-D3F7E13EB3BC}.Release|Mixed Platforms.ActiveCfg = Release|Windows Phone
		{D1FCAE0A-75DC-4A09-8DF0-D3F7E13EB3BC}.Release|Windows Phone.ActiveCfg = Release|Windows Phone
		{D1FCAE0A-75DC-4A09-8DF0-D3F7E13EB3BC}.Release|x86.ActiveCfg = Release|Windows Phone
		{E1CDB107-EA8E-4044-8197-D895425F8329}.Debug|Any CPU.ActiveCfg = Debug|x86
		{E1CDB107-EA8E-4044-8197-D895425F8329}.Debug|Any CPU.Build.0 = Debug|x86
		{E1CDB107-EA8E-4044-8197-D895425F8329}.Debug|Mixed Platforms.ActiveCfg = Debug|x86
		{E1CDB107-EA8E-4044-8197-D895425F8329}.Debug|Mixed Platforms.Build.0 = Debug|x86
		{E1CDB107-EA8E-4044-8197-D895425F8329}.Debug|Windows Phone.ActiveCfg = Debug|x86
		{E1CDB107-EA8E-4044-8197-D895425F8329}.Debug|x86.ActiveCfg = Debug|x86
		{E1CDB107-EA8E-4044-8197-D895425F8329}.Debug|x86.Build.0 = Debug|x86
		{E1CDB107-EA8E-4044-8197-D895425F8329}.Release|Any CPU.ActiveCfg = Release|x86
		{E1CDB107-EA8E-4044-8197-D895425F8329}.Release|Mixed Platforms.ActiveCfg = Release|x86
		{E1CDB107-EA8E-4044-8197-D895425F8329}.Release|Mixed Platforms.Build.0 = Release|x86
		{E1CDB107-EA8E-4044-8197-D895425F8329}.Release|Windows Phone.ActiveCfg = Release|x86
		{E1CDB107-EA8E-4044-8197-D895425F8329}.Release|x86.ActiveCfg = Release|x86
		{E1CDB107-EA8E-4044-8197-D895425F8329}.Release|x86.Build.0 = Release|x86
		{C328633E-7FCC-4649-B314-E5A3E523BA66}.Debug|Any CPU.ActiveCfg = Debug|Any CPU
		{C328633E-7FCC-4649-B314-E5A3E523BA66}.Debug|Any CPU.Build.0 = Debug|Any CPU
		{C328633E-7FCC-4649-B314-E5A3E523BA66}.Debug|Mixed Platforms.ActiveCfg = Debug|x86
		{C328633E-7FCC-4649-B314-E5A3E523BA66}.Debug|Mixed Platforms.Build.0 = Debug|x86
		{C328633E-7FCC-4649-B314-E5A3E523BA66}.Debug|Windows Phone.ActiveCfg = Debug|x86
		{C328633E-7FCC-4649-B314-E5A3E523BA66}.Debug|x86.ActiveCfg = Debug|x86
		{C328633E-7FCC-4649-B314-E5A3E523BA66}.Debug|x86.Build.0 = Debug|x86
		{C328633E-7FCC-4649-B314-E5A3E523BA66}.Release|Any CPU.ActiveCfg = Release|x86
		{C328633E-7FCC-4649-B314-E5A3E523BA66}.Release|Mixed Platforms.ActiveCfg = Release|x86
		{C328633E-7FCC-4649-B314-E5A3E523BA66}.Release|Mixed Platforms.Build.0 = Release|x86
		{C328633E-7FCC-4649-B314-E5A3E523BA66}.Release|Windows Phone.ActiveCfg = Release|x86
		{C328633E-7FCC-4649-B314-E5A3E523BA66}.Release|x86.ActiveCfg = Release|x86
		{C328633E-7FCC-4649-B314-E5A3E523BA66}.Release|x86.Build.0 = Release|x86
	EndGlobalSection
	GlobalSection(SolutionProperties) = preSolution
		HideSolutionNode = FALSE
	EndGlobalSection
	GlobalSection(MonoDevelopProperties) = preSolution
		StartupItem = SimpleTriangle\SimpleTriangle.csproj
	EndGlobalSection
EndGlobal
